
Microsoft Visual Studio Solution File, Format Version 12.00
# Visual Studio 2012
Project("{FAE04EC0-301F-11D3-BF4B-00C04F79EFBC}") = "PermuteCharsInAString", "PermuteCharsInAString\PermuteCharsInAString.csproj", "{D36EC264-8083-4A41-B45C-9050C72A2178}"
EndProject
Project("{FAE04EC0-301F-11D3-BF4B-00C04F79EFBC}") = "GeneratePrimes", "GeneratePrimes\GeneratePrimes.csproj", "{5B502E8C-EC27-4DBF-8119-61FF399F459E}"
EndProject
Project("{FAE04EC0-301F-11D3-BF4B-00C04F79EFBC}") = "Locking", "Locking\Locking.csproj", "{36A1ADFD-3566-4108-8928-3B1C6C5DBFD2}"
EndProject
Project("{FAE04EC0-301F-11D3-BF4B-00C04F79EFBC}") = "ValuesAndReferences", "ValuesAndReferences\ValuesAndReferences.csproj", "{56C16E75-485D-41F7-AD9B-50A95E5987BB}"
EndProject
Project("{FAE04EC0-301F-11D3-BF4B-00C04F79EFBC}") = "LazyLoading", "..\LazyLoading\LazyLoading\LazyLoading.csproj", "{78253523-9889-4304-BC80-D6B7F1DE67BB}"
EndProject
Project("{FAE04EC0-301F-11D3-BF4B-00C04F79EFBC}") = "QuirksAndIdioms", "..\Quirks\Quirks\QuirksAndIdioms.csproj", "{8FA3FABB-98C2-4617-B241-0A865110BCB4}"
EndProject
Project("{FAE04EC0-301F-11D3-BF4B-00C04F79EFBC}") = "VerbatimStringLiterals", "..\VerbatimStringLiterals\VerbatimStringLiterals\VerbatimStringLiterals.csproj", "{9421E50C-E2B2-4361-969E-B196BD0194E2}"
EndProject
Project("{FAE04EC0-301F-11D3-BF4B-00C04F79EFBC}") = "UnitTests", "..\UnitTests\UnitTests\UnitTests.csproj", "{EA7C031F-FDCD-4F80-9A54-E8D00FAC90C4}"
EndProject
Project("{FAE04EC0-301F-11D3-BF4B-00C04F79EFBC}") = "ExceptionHandling", "..\ExceptionHandling\ExceptionHandling\ExceptionHandling.csproj", "{611AC714-C4CA-4530-A328-202737384B6E}"
EndProject
Project("{FAE04EC0-301F-11D3-BF4B-00C04F79EFBC}") = "Scratchpad", "..\Scratchpad\Scratchpad\Scratchpad.csproj", "{73E78401-081F-47D8-8078-E691E448E954}"
EndProject
Project("{FAE04EC0-301F-11D3-BF4B-00C04F79EFBC}") = "MontyHall", "..\MontyHall\MontyHall\MontyHall.csproj", "{4ADF600D-E230-4307-B88E-8F4939FF7ED3}"
EndProject
Project("{FAE04EC0-301F-11D3-BF4B-00C04F79EFBC}") = "Twiddler", "..\Twiddle\Twiddle\Twiddler.csproj", "{ADA431E5-1B58-47EE-ACCE-8A83E41EC7AE}"
EndProject
Project("{FAE04EC0-301F-11D3-BF4B-00C04F79EFBC}") = "TwiddleTests", "..\TwiddleTests\TwiddleTests\TwiddleTests.csproj", "{52C40F35-B426-41CF-9A3C-84A5D8DF5ED7}"
EndProject
Project("{FAE04EC0-301F-11D3-BF4B-00C04F79EFBC}") = "EightQueens", "..\EightQueens\EightQueens\EightQueens.csproj", "{654C27BB-54B9-4043-904A-4727DB483628}"
EndProject
Project("{FAE04EC0-301F-11D3-BF4B-00C04F79EFBC}") = "Hanoi", "..\Hanoi\Hanoi\Hanoi.csproj", "{32AE8780-359A-4172-BEAC-66CD6EE12B10}"
EndProject
Project("{FAE04EC0-301F-11D3-BF4B-00C04F79EFBC}") = "BasicCoding", "..\BasicCoding\BasicCoding\BasicCoding.csproj", "{61A07C0C-00BB-4E5D-A66A-777E477B60D7}"
EndProject
Project("{2150E333-8FDC-42A3-9474-1A3956D46DE8}") = "ch08", "ch08", "{19576C81-A871-42ED-9284-E4B498470CF3}"
EndProject
Project("{2150E333-8FDC-42A3-9474-1A3956D46DE8}") = "ch07", "ch07", "{9C613509-FF9E-4CF1-A24E-38191D7B3B0F}"
EndProject
Project("{2150E333-8FDC-42A3-9474-1A3956D46DE8}") = "ch09", "ch09", "{1A90A0AC-DAC0-4808-B006-4AAAC634CBFD}"
EndProject
Project("{2150E333-8FDC-42A3-9474-1A3956D46DE8}") = "ch05", "ch05", "{D93AE7EA-8563-4352-911A-3A3C34CF9135}"
EndProject
Project("{2150E333-8FDC-42A3-9474-1A3956D46DE8}") = "ch11", "ch11", "{B302507B-997D-40E0-B363-C43539358A97}"
EndProject
Project("{FAE04EC0-301F-11D3-BF4B-00C04F79EFBC}") = "Polymorphism", "Polymorphism\Polymorphism.csproj", "{A160283A-B2A3-4DFD-B9DB-9265C8B92118}"
EndProject
Project("{FAE04EC0-301F-11D3-BF4B-00C04F79EFBC}") = "BFSDFS", "BFSDFS\BFSDFS.csproj", "{87DD0FFD-3C4A-4C6A-9047-975B1CAB64E6}"
EndProject
Global
	GlobalSection(SolutionConfigurationPlatforms) = preSolution
		Debug|Any CPU = Debug|Any CPU
		Debug|Mixed Platforms = Debug|Mixed Platforms
		Debug|Win32 = Debug|Win32
		Release|Any CPU = Release|Any CPU
		Release|Mixed Platforms = Release|Mixed Platforms
		Release|Win32 = Release|Win32
	EndGlobalSection
	GlobalSection(ProjectConfigurationPlatforms) = postSolution
		{D36EC264-8083-4A41-B45C-9050C72A2178}.Debug|Any CPU.ActiveCfg = Debug|Any CPU
		{D36EC264-8083-4A41-B45C-9050C72A2178}.Debug|Any CPU.Build.0 = Debug|Any CPU
		{D36EC264-8083-4A41-B45C-9050C72A2178}.Debug|Mixed Platforms.ActiveCfg = Debug|Any CPU
		{D36EC264-8083-4A41-B45C-9050C72A2178}.Debug|Mixed Platforms.Build.0 = Debug|Any CPU
		{D36EC264-8083-4A41-B45C-9050C72A2178}.Debug|Win32.ActiveCfg = Debug|Any CPU
		{D36EC264-8083-4A41-B45C-9050C72A2178}.Release|Any CPU.ActiveCfg = Release|Any CPU
		{D36EC264-8083-4A41-B45C-9050C72A2178}.Release|Any CPU.Build.0 = Release|Any CPU
		{D36EC264-8083-4A41-B45C-9050C72A2178}.Release|Mixed Platforms.ActiveCfg = Release|Any CPU
		{D36EC264-8083-4A41-B45C-9050C72A2178}.Release|Mixed Platforms.Build.0 = Release|Any CPU
		{D36EC264-8083-4A41-B45C-9050C72A2178}.Release|Win32.ActiveCfg = Release|Any CPU
		{5B502E8C-EC27-4DBF-8119-61FF399F459E}.Debug|Any CPU.ActiveCfg = Debug|Any CPU
		{5B502E8C-EC27-4DBF-8119-61FF399F459E}.Debug|Any CPU.Build.0 = Debug|Any CPU
		{5B502E8C-EC27-4DBF-8119-61FF399F459E}.Debug|Mixed Platforms.ActiveCfg = Debug|Any CPU
		{5B502E8C-EC27-4DBF-8119-61FF399F459E}.Debug|Mixed Platforms.Build.0 = Debug|Any CPU
		{5B502E8C-EC27-4DBF-8119-61FF399F459E}.Debug|Win32.ActiveCfg = Debug|Any CPU
		{5B502E8C-EC27-4DBF-8119-61FF399F459E}.Release|Any CPU.ActiveCfg = Release|Any CPU
		{5B502E8C-EC27-4DBF-8119-61FF399F459E}.Release|Any CPU.Build.0 = Release|Any CPU
		{5B502E8C-EC27-4DBF-8119-61FF399F459E}.Release|Mixed Platforms.ActiveCfg = Release|Any CPU
		{5B502E8C-EC27-4DBF-8119-61FF399F459E}.Release|Mixed Platforms.Build.0 = Release|Any CPU
		{5B502E8C-EC27-4DBF-8119-61FF399F459E}.Release|Win32.ActiveCfg = Release|Any CPU
		{36A1ADFD-3566-4108-8928-3B1C6C5DBFD2}.Debug|Any CPU.ActiveCfg = Debug|Any CPU
		{36A1ADFD-3566-4108-8928-3B1C6C5DBFD2}.Debug|Any CPU.Build.0 = Debug|Any CPU
		{36A1ADFD-3566-4108-8928-3B1C6C5DBFD2}.Debug|Mixed Platforms.ActiveCfg = Debug|Any CPU
		{36A1ADFD-3566-4108-8928-3B1C6C5DBFD2}.Debug|Mixed Platforms.Build.0 = Debug|Any CPU
		{36A1ADFD-3566-4108-8928-3B1C6C5DBFD2}.Debug|Win32.ActiveCfg = Debug|Any CPU
		{36A1ADFD-3566-4108-8928-3B1C6C5DBFD2}.Release|Any CPU.ActiveCfg = Release|Any CPU
		{36A1ADFD-3566-4108-8928-3B1C6C5DBFD2}.Release|Any CPU.Build.0 = Release|Any CPU
		{36A1ADFD-3566-4108-8928-3B1C6C5DBFD2}.Release|Mixed Platforms.ActiveCfg = Release|Any CPU
		{36A1ADFD-3566-4108-8928-3B1C6C5DBFD2}.Release|Mixed Platforms.Build.0 = Release|Any CPU
		{36A1ADFD-3566-4108-8928-3B1C6C5DBFD2}.Release|Win32.ActiveCfg = Release|Any CPU
		{56C16E75-485D-41F7-AD9B-50A95E5987BB}.Debug|Any CPU.ActiveCfg = Debug|Any CPU
		{56C16E75-485D-41F7-AD9B-50A95E5987BB}.Debug|Any CPU.Build.0 = Debug|Any CPU
		{56C16E75-485D-41F7-AD9B-50A95E5987BB}.Debug|Mixed Platforms.ActiveCfg = Debug|Any CPU
		{56C16E75-485D-41F7-AD9B-50A95E5987BB}.Debug|Mixed Platforms.Build.0 = Debug|Any CPU
		{56C16E75-485D-41F7-AD9B-50A95E5987BB}.Debug|Win32.ActiveCfg = Debug|Any CPU
		{56C16E75-485D-41F7-AD9B-50A95E5987BB}.Release|Any CPU.ActiveCfg = Release|Any CPU
		{56C16E75-485D-41F7-AD9B-50A95E5987BB}.Release|Any CPU.Build.0 = Release|Any CPU
		{56C16E75-485D-41F7-AD9B-50A95E5987BB}.Release|Mixed Platforms.ActiveCfg = Release|Any CPU
		{56C16E75-485D-41F7-AD9B-50A95E5987BB}.Release|Mixed Platforms.Build.0 = Release|Any CPU
		{56C16E75-485D-41F7-AD9B-50A95E5987BB}.Release|Win32.ActiveCfg = Release|Any CPU
		{78253523-9889-4304-BC80-D6B7F1DE67BB}.Debug|Any CPU.ActiveCfg = Debug|Any CPU
		{78253523-9889-4304-BC80-D6B7F1DE67BB}.Debug|Any CPU.Build.0 = Debug|Any CPU
		{78253523-9889-4304-BC80-D6B7F1DE67BB}.Debug|Mixed Platforms.ActiveCfg = Debug|Any CPU
		{78253523-9889-4304-BC80-D6B7F1DE67BB}.Debug|Mixed Platforms.Build.0 = Debug|Any CPU
		{78253523-9889-4304-BC80-D6B7F1DE67BB}.Debug|Win32.ActiveCfg = Debug|Any CPU
		{78253523-9889-4304-BC80-D6B7F1DE67BB}.Release|Any CPU.ActiveCfg = Release|Any CPU
		{78253523-9889-4304-BC80-D6B7F1DE67BB}.Release|Any CPU.Build.0 = Release|Any CPU
		{78253523-9889-4304-BC80-D6B7F1DE67BB}.Release|Mixed Platforms.ActiveCfg = Release|Any CPU
		{78253523-9889-4304-BC80-D6B7F1DE67BB}.Release|Mixed Platforms.Build.0 = Release|Any CPU
		{78253523-9889-4304-BC80-D6B7F1DE67BB}.Release|Win32.ActiveCfg = Release|Any CPU
		{8FA3FABB-98C2-4617-B241-0A865110BCB4}.Debug|Any CPU.ActiveCfg = Debug|Any CPU
		{8FA3FABB-98C2-4617-B241-0A865110BCB4}.Debug|Any CPU.Build.0 = Debug|Any CPU
		{8FA3FABB-98C2-4617-B241-0A865110BCB4}.Debug|Mixed Platforms.ActiveCfg = Debug|Any CPU
		{8FA3FABB-98C2-4617-B241-0A865110BCB4}.Debug|Mixed Platforms.Build.0 = Debug|Any CPU
		{8FA3FABB-98C2-4617-B241-0A865110BCB4}.Debug|Win32.ActiveCfg = Debug|Any CPU
		{8FA3FABB-98C2-4617-B241-0A865110BCB4}.Release|Any CPU.ActiveCfg = Release|Any CPU
		{8FA3FABB-98C2-4617-B241-0A865110BCB4}.Release|Any CPU.Build.0 = Release|Any CPU
		{8FA3FABB-98C2-4617-B241-0A865110BCB4}.Release|Mixed Platforms.ActiveCfg = Release|Any CPU
		{8FA3FABB-98C2-4617-B241-0A865110BCB4}.Release|Mixed Platforms.Build.0 = Release|Any CPU
		{8FA3FABB-98C2-4617-B241-0A865110BCB4}.Release|Win32.ActiveCfg = Release|Any CPU
		{9421E50C-E2B2-4361-969E-B196BD0194E2}.Debug|Any CPU.ActiveCfg = Debug|Any CPU
		{9421E50C-E2B2-4361-969E-B196BD0194E2}.Debug|Any CPU.Build.0 = Debug|Any CPU
		{9421E50C-E2B2-4361-969E-B196BD0194E2}.Debug|Mixed Platforms.ActiveCfg = Debug|Any CPU
		{9421E50C-E2B2-4361-969E-B196BD0194E2}.Debug|Mixed Platforms.Build.0 = Debug|Any CPU
		{9421E50C-E2B2-4361-969E-B196BD0194E2}.Debug|Win32.ActiveCfg = Debug|Any CPU
		{9421E50C-E2B2-4361-969E-B196BD0194E2}.Release|Any CPU.ActiveCfg = Release|Any CPU
		{9421E50C-E2B2-4361-969E-B196BD0194E2}.Release|Any CPU.Build.0 = Release|Any CPU
		{9421E50C-E2B2-4361-969E-B196BD0194E2}.Release|Mixed Platforms.ActiveCfg = Release|Any CPU
		{9421E50C-E2B2-4361-969E-B196BD0194E2}.Release|Mixed Platforms.Build.0 = Release|Any CPU
		{9421E50C-E2B2-4361-969E-B196BD0194E2}.Release|Win32.ActiveCfg = Release|Any CPU
		{EA7C031F-FDCD-4F80-9A54-E8D00FAC90C4}.Debug|Any CPU.ActiveCfg = Debug|Any CPU
		{EA7C031F-FDCD-4F80-9A54-E8D00FAC90C4}.Debug|Any CPU.Build.0 = Debug|Any CPU
		{EA7C031F-FDCD-4F80-9A54-E8D00FAC90C4}.Debug|Mixed Platforms.ActiveCfg = Debug|Any CPU
		{EA7C031F-FDCD-4F80-9A54-E8D00FAC90C4}.Debug|Mixed Platforms.Build.0 = Debug|Any CPU
		{EA7C031F-FDCD-4F80-9A54-E8D00FAC90C4}.Debug|Win32.ActiveCfg = Debug|Any CPU
		{EA7C031F-FDCD-4F80-9A54-E8D00FAC90C4}.Release|Any CPU.ActiveCfg = Release|Any CPU
		{EA7C031F-FDCD-4F80-9A54-E8D00FAC90C4}.Release|Any CPU.Build.0 = Release|Any CPU
		{EA7C031F-FDCD-4F80-9A54-E8D00FAC90C4}.Release|Mixed Platforms.ActiveCfg = Release|Any CPU
		{EA7C031F-FDCD-4F80-9A54-E8D00FAC90C4}.Release|Mixed Platforms.Build.0 = Release|Any CPU
		{EA7C031F-FDCD-4F80-9A54-E8D00FAC90C4}.Release|Win32.ActiveCfg = Release|Any CPU
		{611AC714-C4CA-4530-A328-202737384B6E}.Debug|Any CPU.ActiveCfg = Debug|Any CPU
		{611AC714-C4CA-4530-A328-202737384B6E}.Debug|Any CPU.Build.0 = Debug|Any CPU
		{611AC714-C4CA-4530-A328-202737384B6E}.Debug|Mixed Platforms.ActiveCfg = Debug|Any CPU
		{611AC714-C4CA-4530-A328-202737384B6E}.Debug|Mixed Platforms.Build.0 = Debug|Any CPU
		{611AC714-C4CA-4530-A328-202737384B6E}.Debug|Win32.ActiveCfg = Debug|Any CPU
		{611AC714-C4CA-4530-A328-202737384B6E}.Release|Any CPU.ActiveCfg = Release|Any CPU
		{611AC714-C4CA-4530-A328-202737384B6E}.Release|Any CPU.Build.0 = Release|Any CPU
		{611AC714-C4CA-4530-A328-202737384B6E}.Release|Mixed Platforms.ActiveCfg = Release|Any CPU
		{611AC714-C4CA-4530-A328-202737384B6E}.Release|Mixed Platforms.Build.0 = Release|Any CPU
		{611AC714-C4CA-4530-A328-202737384B6E}.Release|Win32.ActiveCfg = Release|Any CPU
		{73E78401-081F-47D8-8078-E691E448E954}.Debug|Any CPU.ActiveCfg = Debug|Any CPU
		{73E78401-081F-47D8-8078-E691E448E954}.Debug|Any CPU.Build.0 = Debug|Any CPU
		{73E78401-081F-47D8-8078-E691E448E954}.Debug|Mixed Platforms.ActiveCfg = Debug|Any CPU
		{73E78401-081F-47D8-8078-E691E448E954}.Debug|Mixed Platforms.Build.0 = Debug|Any CPU
		{73E78401-081F-47D8-8078-E691E448E954}.Debug|Win32.ActiveCfg = Debug|Any CPU
		{73E78401-081F-47D8-8078-E691E448E954}.Release|Any CPU.ActiveCfg = Release|Any CPU
		{73E78401-081F-47D8-8078-E691E448E954}.Release|Any CPU.Build.0 = Release|Any CPU
		{73E78401-081F-47D8-8078-E691E448E954}.Release|Mixed Platforms.ActiveCfg = Release|Any CPU
		{73E78401-081F-47D8-8078-E691E448E954}.Release|Mixed Platforms.Build.0 = Release|Any CPU
		{73E78401-081F-47D8-8078-E691E448E954}.Release|Win32.ActiveCfg = Release|Any CPU
		{4ADF600D-E230-4307-B88E-8F4939FF7ED3}.Debug|Any CPU.ActiveCfg = Debug|Any CPU
		{4ADF600D-E230-4307-B88E-8F4939FF7ED3}.Debug|Any CPU.Build.0 = Debug|Any CPU
		{4ADF600D-E230-4307-B88E-8F4939FF7ED3}.Debug|Mixed Platforms.ActiveCfg = Debug|Any CPU
		{4ADF600D-E230-4307-B88E-8F4939FF7ED3}.Debug|Mixed Platforms.Build.0 = Debug|Any CPU
		{4ADF600D-E230-4307-B88E-8F4939FF7ED3}.Debug|Win32.ActiveCfg = Debug|Any CPU
		{4ADF600D-E230-4307-B88E-8F4939FF7ED3}.Release|Any CPU.ActiveCfg = Release|Any CPU
		{4ADF600D-E230-4307-B88E-8F4939FF7ED3}.Release|Any CPU.Build.0 = Release|Any CPU
		{4ADF600D-E230-4307-B88E-8F4939FF7ED3}.Release|Mixed Platforms.ActiveCfg = Release|Any CPU
		{4ADF600D-E230-4307-B88E-8F4939FF7ED3}.Release|Mixed Platforms.Build.0 = Release|Any CPU
		{4ADF600D-E230-4307-B88E-8F4939FF7ED3}.Release|Win32.ActiveCfg = Release|Any CPU
		{ADA431E5-1B58-47EE-ACCE-8A83E41EC7AE}.Debug|Any CPU.ActiveCfg = Debug|Any CPU
		{ADA431E5-1B58-47EE-ACCE-8A83E41EC7AE}.Debug|Any CPU.Build.0 = Debug|Any CPU
		{ADA431E5-1B58-47EE-ACCE-8A83E41EC7AE}.Debug|Mixed Platforms.ActiveCfg = Debug|Any CPU
		{ADA431E5-1B58-47EE-ACCE-8A83E41EC7AE}.Debug|Mixed Platforms.Build.0 = Debug|Any CPU
		{ADA431E5-1B58-47EE-ACCE-8A83E41EC7AE}.Debug|Win32.ActiveCfg = Debug|Any CPU
		{ADA431E5-1B58-47EE-ACCE-8A83E41EC7AE}.Release|Any CPU.ActiveCfg = Release|Any CPU
		{ADA431E5-1B58-47EE-ACCE-8A83E41EC7AE}.Release|Any CPU.Build.0 = Release|Any CPU
		{ADA431E5-1B58-47EE-ACCE-8A83E41EC7AE}.Release|Mixed Platforms.ActiveCfg = Release|Any CPU
		{ADA431E5-1B58-47EE-ACCE-8A83E41EC7AE}.Release|Mixed Platforms.Build.0 = Release|Any CPU
		{ADA431E5-1B58-47EE-ACCE-8A83E41EC7AE}.Release|Win32.ActiveCfg = Release|Any CPU
		{52C40F35-B426-41CF-9A3C-84A5D8DF5ED7}.Debug|Any CPU.ActiveCfg = Debug|Any CPU
		{52C40F35-B426-41CF-9A3C-84A5D8DF5ED7}.Debug|Any CPU.Build.0 = Debug|Any CPU
		{52C40F35-B426-41CF-9A3C-84A5D8DF5ED7}.Debug|Mixed Platforms.ActiveCfg = Debug|Any CPU
		{52C40F35-B426-41CF-9A3C-84A5D8DF5ED7}.Debug|Mixed Platforms.Build.0 = Debug|Any CPU
		{52C40F35-B426-41CF-9A3C-84A5D8DF5ED7}.Debug|Win32.ActiveCfg = Debug|Any CPU
		{52C40F35-B426-41CF-9A3C-84A5D8DF5ED7}.Release|Any CPU.ActiveCfg = Release|Any CPU
		{52C40F35-B426-41CF-9A3C-84A5D8DF5ED7}.Release|Any CPU.Build.0 = Release|Any CPU
		{52C40F35-B426-41CF-9A3C-84A5D8DF5ED7}.Release|Mixed Platforms.ActiveCfg = Release|Any CPU
		{52C40F35-B426-41CF-9A3C-84A5D8DF5ED7}.Release|Mixed Platforms.Build.0 = Release|Any CPU
		{52C40F35-B426-41CF-9A3C-84A5D8DF5ED7}.Release|Win32.ActiveCfg = Release|Any CPU
		{654C27BB-54B9-4043-904A-4727DB483628}.Debug|Any CPU.ActiveCfg = Debug|Any CPU
		{654C27BB-54B9-4043-904A-4727DB483628}.Debug|Any CPU.Build.0 = Debug|Any CPU
		{654C27BB-54B9-4043-904A-4727DB483628}.Debug|Mixed Platforms.ActiveCfg = Debug|Any CPU
		{654C27BB-54B9-4043-904A-4727DB483628}.Debug|Mixed Platforms.Build.0 = Debug|Any CPU
		{654C27BB-54B9-4043-904A-4727DB483628}.Debug|Win32.ActiveCfg = Debug|Any CPU
		{654C27BB-54B9-4043-904A-4727DB483628}.Release|Any CPU.ActiveCfg = Release|Any CPU
		{654C27BB-54B9-4043-904A-4727DB483628}.Release|Any CPU.Build.0 = Release|Any CPU
		{654C27BB-54B9-4043-904A-4727DB483628}.Release|Mixed Platforms.ActiveCfg = Release|Any CPU
		{654C27BB-54B9-4043-904A-4727DB483628}.Release|Mixed Platforms.Build.0 = Release|Any CPU
		{654C27BB-54B9-4043-904A-4727DB483628}.Release|Win32.ActiveCfg = Release|Any CPU
		{32AE8780-359A-4172-BEAC-66CD6EE12B10}.Debug|Any CPU.ActiveCfg = Debug|Any CPU
		{32AE8780-359A-4172-BEAC-66CD6EE12B10}.Debug|Any CPU.Build.0 = Debug|Any CPU
		{32AE8780-359A-4172-BEAC-66CD6EE12B10}.Debug|Mixed Platforms.ActiveCfg = Debug|Any CPU
		{32AE8780-359A-4172-BEAC-66CD6EE12B10}.Debug|Mixed Platforms.Build.0 = Debug|Any CPU
		{32AE8780-359A-4172-BEAC-66CD6EE12B10}.Debug|Win32.ActiveCfg = Debug|Any CPU
		{32AE8780-359A-4172-BEAC-66CD6EE12B10}.Release|Any CPU.ActiveCfg = Release|Any CPU
		{32AE8780-359A-4172-BEAC-66CD6EE12B10}.Release|Any CPU.Build.0 = Release|Any CPU
		{32AE8780-359A-4172-BEAC-66CD6EE12B10}.Release|Mixed Platforms.ActiveCfg = Release|Any CPU
		{32AE8780-359A-4172-BEAC-66CD6EE12B10}.Release|Mixed Platforms.Build.0 = Release|Any CPU
		{32AE8780-359A-4172-BEAC-66CD6EE12B10}.Release|Win32.ActiveCfg = Release|Any CPU
		{61A07C0C-00BB-4E5D-A66A-777E477B60D7}.Debug|Any CPU.ActiveCfg = Debug|Any CPU
		{61A07C0C-00BB-4E5D-A66A-777E477B60D7}.Debug|Any CPU.Build.0 = Debug|Any CPU
		{61A07C0C-00BB-4E5D-A66A-777E477B60D7}.Debug|Mixed Platforms.ActiveCfg = Debug|Any CPU
		{61A07C0C-00BB-4E5D-A66A-777E477B60D7}.Debug|Mixed Platforms.Build.0 = Debug|Any CPU
		{61A07C0C-00BB-4E5D-A66A-777E477B60D7}.Debug|Win32.ActiveCfg = Debug|Any CPU
		{61A07C0C-00BB-4E5D-A66A-777E477B60D7}.Release|Any CPU.ActiveCfg = Release|Any CPU
		{61A07C0C-00BB-4E5D-A66A-777E477B60D7}.Release|Any CPU.Build.0 = Release|Any CPU
		{61A07C0C-00BB-4E5D-A66A-777E477B60D7}.Release|Mixed Platforms.ActiveCfg = Release|Any CPU
		{61A07C0C-00BB-4E5D-A66A-777E477B60D7}.Release|Mixed Platforms.Build.0 = Release|Any CPU
		{61A07C0C-00BB-4E5D-A66A-777E477B60D7}.Release|Win32.ActiveCfg = Release|Any CPU
		{A160283A-B2A3-4DFD-B9DB-9265C8B92118}.Debug|Any CPU.ActiveCfg = Debug|Any CPU
		{A160283A-B2A3-4DFD-B9DB-9265C8B92118}.Debug|Any CPU.Build.0 = Debug|Any CPU
		{A160283A-B2A3-4DFD-B9DB-9265C8B92118}.Debug|Mixed Platforms.ActiveCfg = Debug|Any CPU
		{A160283A-B2A3-4DFD-B9DB-9265C8B92118}.Debug|Mixed Platforms.Build.0 = Debug|Any CPU
		{A160283A-B2A3-4DFD-B9DB-9265C8B92118}.Debug|Win32.ActiveCfg = Debug|Any CPU
		{A160283A-B2A3-4DFD-B9DB-9265C8B92118}.Release|Any CPU.ActiveCfg = Release|Any CPU
		{A160283A-B2A3-4DFD-B9DB-9265C8B92118}.Release|Any CPU.Build.0 = Release|Any CPU
		{A160283A-B2A3-4DFD-B9DB-9265C8B92118}.Release|Mixed Platforms.ActiveCfg = Release|Any CPU
		{A160283A-B2A3-4DFD-B9DB-9265C8B92118}.Release|Mixed Platforms.Build.0 = Release|Any CPU
		{A160283A-B2A3-4DFD-B9DB-9265C8B92118}.Release|Win32.ActiveCfg = Release|Any CPU
		{87DD0FFD-3C4A-4C6A-9047-975B1CAB64E6}.Debug|Any CPU.ActiveCfg = Debug|Any CPU
		{87DD0FFD-3C4A-4C6A-9047-975B1CAB64E6}.Debug|Any CPU.Build.0 = Debug|Any CPU
		{87DD0FFD-3C4A-4C6A-9047-975B1CAB64E6}.Debug|Mixed Platforms.ActiveCfg = Debug|Any CPU
		{87DD0FFD-3C4A-4C6A-9047-975B1CAB64E6}.Debug|Mixed Platforms.Build.0 = Debug|Any CPU
		{87DD0FFD-3C4A-4C6A-9047-975B1CAB64E6}.Debug|Win32.ActiveCfg = Debug|Any CPU
		{87DD0FFD-3C4A-4C6A-9047-975B1CAB64E6}.Release|Any CPU.ActiveCfg = Release|Any CPU
		{87DD0FFD-3C4A-4C6A-9047-975B1CAB64E6}.Release|Any CPU.Build.0 = Release|Any CPU
		{87DD0FFD-3C4A-4C6A-9047-975B1CAB64E6}.Release|Mixed Platforms.ActiveCfg = Release|Any CPU
		{87DD0FFD-3C4A-4C6A-9047-975B1CAB64E6}.Release|Mixed Platforms.Build.0 = Release|Any CPU
		{87DD0FFD-3C4A-4C6A-9047-975B1CAB64E6}.Release|Win32.ActiveCfg = Release|Any CPU
	EndGlobalSection
	GlobalSection(SolutionProperties) = preSolution
		HideSolutionNode = FALSE
	EndGlobalSection
	GlobalSection(NestedProjects) = preSolution
		{5B502E8C-EC27-4DBF-8119-61FF399F459E} = {D93AE7EA-8563-4352-911A-3A3C34CF9135}
		{D36EC264-8083-4A41-B45C-9050C72A2178} = {D93AE7EA-8563-4352-911A-3A3C34CF9135}
		{A160283A-B2A3-4DFD-B9DB-9265C8B92118} = {D93AE7EA-8563-4352-911A-3A3C34CF9135}
		{87DD0FFD-3C4A-4C6A-9047-975B1CAB64E6} = {D93AE7EA-8563-4352-911A-3A3C34CF9135}
		{56C16E75-485D-41F7-AD9B-50A95E5987BB} = {9C613509-FF9E-4CF1-A24E-38191D7B3B0F}
		{78253523-9889-4304-BC80-D6B7F1DE67BB} = {9C613509-FF9E-4CF1-A24E-38191D7B3B0F}
		{611AC714-C4CA-4530-A328-202737384B6E} = {9C613509-FF9E-4CF1-A24E-38191D7B3B0F}
		{36A1ADFD-3566-4108-8928-3B1C6C5DBFD2} = {9C613509-FF9E-4CF1-A24E-38191D7B3B0F}
		{9421E50C-E2B2-4361-969E-B196BD0194E2} = {19576C81-A871-42ED-9284-E4B498470CF3}
		{8FA3FABB-98C2-4617-B241-0A865110BCB4} = {19576C81-A871-42ED-9284-E4B498470CF3}
		{EA7C031F-FDCD-4F80-9A54-E8D00FAC90C4} = {1A90A0AC-DAC0-4808-B006-4AAAC634CBFD}
		{ADA431E5-1B58-47EE-ACCE-8A83E41EC7AE} = {B302507B-997D-40E0-B363-C43539358A97}
		{52C40F35-B426-41CF-9A3C-84A5D8DF5ED7} = {B302507B-997D-40E0-B363-C43539358A97}
		{654C27BB-54B9-4043-904A-4727DB483628} = {B302507B-997D-40E0-B363-C43539358A97}
		{32AE8780-359A-4172-BEAC-66CD6EE12B10} = {B302507B-997D-40E0-B363-C43539358A97}
		{61A07C0C-00BB-4E5D-A66A-777E477B60D7} = {B302507B-997D-40E0-B363-C43539358A97}
		{4ADF600D-E230-4307-B88E-8F4939FF7ED3} = {B302507B-997D-40E0-B363-C43539358A97}
	EndGlobalSection
EndGlobal
